{
  "name": "Hackathon PP",
  "lockfileVersion": 2,
  "requires": true,
  "packages": {
    "": {
      "dependencies": {
        "@awesome-cordova-plugins/app-availability": "^6.1.0",
        "cordova-plugin-appavailability": "^0.4.2"
      }
    },
    "node_modules/@awesome-cordova-plugins/app-availability": {
      "version": "6.1.0",
      "resolved": "https://registry.npmjs.org/@awesome-cordova-plugins/app-availability/-/app-availability-6.1.0.tgz",
      "integrity": "sha512-O6lMqVBOvWHoNL79aN3XSOErbU4JzxAwQIBppGDJFtNaDYJpOQaXQAUZJmQZZBPrUyJ8FCIH0Ma08Qbe9vg5CQ==",
      "dependencies": {
        "@types/cordova": "latest"
      },
      "peerDependencies": {
        "@awesome-cordova-plugins/core": "^6.0.1",
        "rxjs": "^5.5.0 || ^6.5.0 || ^7.3.0"
      }
    },
    "node_modules/@awesome-cordova-plugins/core": {
      "version": "6.1.0",
      "resolved": "https://registry.npmjs.org/@awesome-cordova-plugins/core/-/core-6.1.0.tgz",
      "integrity": "sha512-9TlKABxxmv0H+AKTp15yiDklk1c5z0H7j4NJwPReA4Dud7lw0t4TSM2ygXj77dFLN1EpDr3R0DxjhUxWop+Rgg==",
      "peer": true,
      "dependencies": {
        "@types/cordova": "latest"
      },
      "peerDependencies": {
        "rxjs": "^5.5.0 || ^6.5.0 || ^7.3.0"
      }
    },
    "node_modules/@types/cordova": {
      "version": "0.0.34",
      "resolved": "https://registry.npmjs.org/@types/cordova/-/cordova-0.0.34.tgz",
      "integrity": "sha512-rkiiTuf/z2wTd4RxFOb+clE7PF4AEJU0hsczbUdkHHBtkUmpWQpEddynNfJYKYtZFJKbq4F+brfekt1kx85IZA=="
    },
    "node_modules/cordova-plugin-appavailability": {
      "version": "0.4.2",
      "resolved": "https://registry.npmjs.org/cordova-plugin-appavailability/-/cordova-plugin-appavailability-0.4.2.tgz",
      "integrity": "sha512-kN8yIfCtMH5dCR8LyJMKyosI/itnPCEXjoZwhRXWYV6tFNRueqcBSNklvwhENEwZaeZjoTamVNTy35y8p/TRDQ==",
      "engines": [
        {
          "name": "cordova",
          "version": ">=3.0.0"
        }
      ]
    },
    "node_modules/rxjs": {
      "version": "7.5.7",
      "resolved": "https://registry.npmjs.org/rxjs/-/rxjs-7.5.7.tgz",
      "integrity": "sha512-z9MzKh/UcOqB3i20H6rtrlaE/CgjLOvheWK/9ILrbhROGTweAi1BaFsTT9FbwZi5Trr1qNRs+MXkhmR06awzQA==",
      "peer": true,
      "dependencies": {
        "tslib": "^2.1.0"
      }
    },
    "node_modules/tslib": {
      "version": "2.4.0",
      "resolved": "https://registry.npmjs.org/tslib/-/tslib-2.4.0.tgz",
      "integrity": "sha512-d6xOpEDfsi2CZVlPQzGeux8XMwLT9hssAsaPYExaQMuYskwb+x1x7J371tWlbBdWHroy99KnVB6qIkUbs5X3UQ==",
      "peer": true
    }
  },
  "dependencies": {
    "@awesome-cordova-plugins/app-availability": {
      "version": "6.1.0",
      "resolved": "https://registry.npmjs.org/@awesome-cordova-plugins/app-availability/-/app-availability-6.1.0.tgz",
      "integrity": "sha512-O6lMqVBOvWHoNL79aN3XSOErbU4JzxAwQIBppGDJFtNaDYJpOQaXQAUZJmQZZBPrUyJ8FCIH0Ma08Qbe9vg5CQ==",
      "requires": {
        "@types/cordova": "latest"
      }
    },
    "@awesome-cordova-plugins/core": {
      "version": "6.1.0",
      "resolved": "https://registry.npmjs.org/@awesome-cordova-plugins/core/-/core-6.1.0.tgz",
      "integrity": "sha512-9TlKABxxmv0H+AKTp15yiDklk1c5z0H7j4NJwPReA4Dud7lw0t4TSM2ygXj77dFLN1EpDr3R0DxjhUxWop+Rgg==",
      "peer": true,
      "requires": {
        "@types/cordova": "latest"
      }
    },
    "@types/cordova": {
      "version": "0.0.34",
      "resolved": "https://registry.npmjs.org/@types/cordova/-/cordova-0.0.34.tgz",
      "integrity": "sha512-rkiiTuf/z2wTd4RxFOb+clE7PF4AEJU0hsczbUdkHHBtkUmpWQpEddynNfJYKYtZFJKbq4F+brfekt1kx85IZA=="
    },
    "cordova-plugin-appavailability": {
      "version": "0.4.2",
      "resolved": "https://registry.npmjs.org/cordova-plugin-appavailability/-/cordova-plugin-appavailability-0.4.2.tgz",
      "integrity": "sha512-kN8yIfCtMH5dCR8LyJMKyosI/itnPCEXjoZwhRXWYV6tFNRueqcBSNklvwhENEwZaeZjoTamVNTy35y8p/TRDQ=="
    },
    "rxjs": {
      "version": "7.5.7",
      "resolved": "https://registry.npmjs.org/rxjs/-/rxjs-7.5.7.tgz",
      "integrity": "sha512-z9MzKh/UcOqB3i20H6rtrlaE/CgjLOvheWK/9ILrbhROGTweAi1BaFsTT9FbwZi5Trr1qNRs+MXkhmR06awzQA==",
      "peer": true,
      "requires": {
        "tslib": "^2.1.0"
      }
    },
    "tslib": {
      "version": "2.4.0",
      "resolved": "https://registry.npmjs.org/tslib/-/tslib-2.4.0.tgz",
      "integrity": "sha512-d6xOpEDfsi2CZVlPQzGeux8XMwLT9hssAsaPYExaQMuYskwb+x1x7J371tWlbBdWHroy99KnVB6qIkUbs5X3UQ==",
      "peer": true
    }
  }
}
